
Microsoft Visual Studio Solution File, Format Version 12.00
# Visual Studio Version 17
VisualStudioVersion = 17.0.32014.148
MinimumVisualStudioVersion = 10.0.40219.1
Project("{FAE04EC0-301F-11D3-BF4B-00C04F79EFBC}") = "GraphColoring", "GraphColoring\GraphColoring.csproj", "{C54AF4E4-EBCC-425A-ABB6-792211A4A962}"
EndProject
Global
	GlobalSection(SolutionConfigurationPlatforms) = preSolution
		Debug|Any CPU = Debug|Any CPU
		Release|Any CPU = Release|Any CPU
	EndGlobalSection
	GlobalSection(ProjectConfigurationPlatforms) = postSolution
		{C54AF4E4-EBCC-425A-ABB6-792211A4A962}.Debug|Any CPU.ActiveCfg = Debug|Any CPU
		{C54AF4E4-EBCC-425A-ABB6-792211A4A962}.Debug|Any CPU.Build.0 = Debug|Any CPU
		{C54AF4E4-EBCC-425A-ABB6-792211A4A962}.Release|Any CPU.ActiveCfg = Release|Any CPU
		{C54AF4E4-EBCC-425A-ABB6-792211A4A962}.Release|Any CPU.Build.0 = Release|Any CPU
	EndGlobalSection
	GlobalSection(SolutionProperties) = preSolution
		HideSolutionNode = FALSE
	EndGlobalSection
	GlobalSection(ExtensibilityGlobals) = postSolution
		SolutionGuid = {93243319-6FFE-42E3-ABA1-FA1F3401531A}
	EndGlobalSection
EndGlobal
